
Microsoft Visual Studio Solution File, Format Version 12.00
# Visual Studio Version 17
VisualStudioVersion = 17.11.35327.3
MinimumVisualStudioVersion = 10.0.40219.1
Project("{FAE04EC0-301F-11D3-BF4B-00C04F79EFBC}") = "CaIculatorApplication", "CaIculatorApplication\CaIculatorApplication.csproj", "{EAAE7AE8-100A-412A-BB17-3C6B8A5028F1}"
EndProject
Global
	GlobalSection(SolutionConfigurationPlatforms) = preSolution
		Debug|Any CPU = Debug|Any CPU
		Release|Any CPU = Release|Any CPU
	EndGlobalSection
	GlobalSection(ProjectConfigurationPlatforms) = postSolution
		{EAAE7AE8-100A-412A-BB17-3C6B8A5028F1}.Debug|Any CPU.ActiveCfg = Debug|Any CPU
		{EAAE7AE8-100A-412A-BB17-3C6B8A5028F1}.Debug|Any CPU.Build.0 = Debug|Any CPU
		{EAAE7AE8-100A-412A-BB17-3C6B8A5028F1}.Release|Any CPU.ActiveCfg = Release|Any CPU
		{EAAE7AE8-100A-412A-BB17-3C6B8A5028F1}.Release|Any CPU.Build.0 = Release|Any CPU
	EndGlobalSection
	GlobalSection(SolutionProperties) = preSolution
		HideSolutionNode = FALSE
	EndGlobalSection
	GlobalSection(ExtensibilityGlobals) = postSolution
		SolutionGuid = {1359FE36-4222-4FEB-A28D-7E2EFBD34E52}
	EndGlobalSection
EndGlobal
